
Microsoft Visual Studio Solution File, Format Version 9.00
# Visual Studio 2005
Project("{FAE04EC0-301F-11D3-BF4B-00C04F79EFBC}") = "KeyboardRedirector", "KeyboardRedirector\KeyboardRedirector.csproj", "{90F3D697-BCE4-46E1-BD22-78B10CE6AB8A}"
	ProjectSection(WebsiteProperties) = preProject
		Debug.AspNetCompiler.Debug = "True"
		Release.AspNetCompiler.Debug = "False"
	EndProjectSection
EndProject
Project("{8BC9CEB8-8B4A-11D0-8D11-00A0C91BC942}") = "KeyboardHook", "KeyboardHook\KeyboardHook.vcproj", "{80DB73B0-F170-434B-BAE2-330D74A9D717}"
	ProjectSection(WebsiteProperties) = preProject
		Debug.AspNetCompiler.Debug = "True"
		Release.AspNetCompiler.Debug = "False"
	EndProjectSection
EndProject
Global
	GlobalSection(SolutionConfigurationPlatforms) = preSolution
		Debug|Any CPU = Debug|Any CPU
		Debug|Mixed Platforms = Debug|Mixed Platforms
		Debug|Win32 = Debug|Win32
		Release|Any CPU = Release|Any CPU
		Release|Mixed Platforms = Release|Mixed Platforms
		Release|Win32 = Release|Win32
	EndGlobalSection
	GlobalSection(ProjectConfigurationPlatforms) = postSolution
		{90F3D697-BCE4-46E1-BD22-78B10CE6AB8A}.Debug|Any CPU.ActiveCfg = Debug|Any CPU
		{90F3D697-BCE4-46E1-BD22-78B10CE6AB8A}.Debug|Any CPU.Build.0 = Debug|Any CPU
		{90F3D697-BCE4-46E1-BD22-78B10CE6AB8A}.Debug|Mixed Platforms.ActiveCfg = Debug|Any CPU
		{90F3D697-BCE4-46E1-BD22-78B10CE6AB8A}.Debug|Mixed Platforms.Build.0 = Debug|Any CPU
		{90F3D697-BCE4-46E1-BD22-78B10CE6AB8A}.Debug|Win32.ActiveCfg = Debug|Any CPU
		{90F3D697-BCE4-46E1-BD22-78B10CE6AB8A}.Release|Any CPU.ActiveCfg = Release|Any CPU
		{90F3D697-BCE4-46E1-BD22-78B10CE6AB8A}.Release|Any CPU.Build.0 = Release|Any CPU
		{90F3D697-BCE4-46E1-BD22-78B10CE6AB8A}.Release|Mixed Platforms.ActiveCfg = Release|Any CPU
		{90F3D697-BCE4-46E1-BD22-78B10CE6AB8A}.Release|Mixed Platforms.Build.0 = Release|Any CPU
		{90F3D697-BCE4-46E1-BD22-78B10CE6AB8A}.Release|Win32.ActiveCfg = Release|Any CPU
		{80DB73B0-F170-434B-BAE2-330D74A9D717}.Debug|Any CPU.ActiveCfg = Debug|Win32
		{80DB73B0-F170-434B-BAE2-330D74A9D717}.Debug|Mixed Platforms.ActiveCfg = Debug|Win32
		{80DB73B0-F170-434B-BAE2-330D74A9D717}.Debug|Mixed Platforms.Build.0 = Debug|Win32
		{80DB73B0-F170-434B-BAE2-330D74A9D717}.Debug|Win32.ActiveCfg = Debug|Win32
		{80DB73B0-F170-434B-BAE2-330D74A9D717}.Debug|Win32.Build.0 = Debug|Win32
		{80DB73B0-F170-434B-BAE2-330D74A9D717}.Release|Any CPU.ActiveCfg = Release|Win32
		{80DB73B0-F170-434B-BAE2-330D74A9D717}.Release|Mixed Platforms.ActiveCfg = Release|Win32
		{80DB73B0-F170-434B-BAE2-330D74A9D717}.Release|Mixed Platforms.Build.0 = Release|Win32
		{80DB73B0-F170-434B-BAE2-330D74A9D717}.Release|Win32.ActiveCfg = Release|Win32
		{80DB73B0-F170-434B-BAE2-330D74A9D717}.Release|Win32.Build.0 = Release|Win32
	EndGlobalSection
	GlobalSection(SolutionProperties) = preSolution
		HideSolutionNode = FALSE
	EndGlobalSection
EndGlobal
